{
  "version": 4,
  "terraform_version": "1.3.7",
  "serial": 8,
  "lineage": "25b9d708-cad4-2c64-49e7-8c99058725ca",
  "outputs": {
    "jenkins_ip": {
      "value": "165.22.8.54",
      "type": "string"
    }
  },
  "resources": [
    {
      "mode": "data",
      "type": "digitalocean_ssh_key",
      "name": "jornada",
      "provider": "provider[\"registry.terraform.io/digitalocean/digitalocean\"]",
      "instances": [
        {
          "schema_version": 0,
          "attributes": {
            "fingerprint": "fb:ea:6e:24:a9:ad:e3:09:27:c7:67:e3:88:11:1a:19",
            "id": 37353592,
            "name": "jornada",
            "public_key": "ssh-rsa AAAAB3NzaC1yc2EAAAADAQABAAABAQC7qx12wX0dwTHj50jLHkTA0X6XkM1nSo0K3dq7H9jvyQRMwKk3n6VqhgX9QZonC34JZ8GODVFhzJ99M46CrqEjYR7iC2V8I42OULBAv7somOBClbJ2/4btT7Q7c+mBRtgETyb5KBT6Hi3CKhFM3FqBtsDohsC4Ya0GeFZnNry33mYrJGIhsZiwJpWqJc3z8daC0h6Fwv7Gi1gWouNn8nRR/XlczOnFmgIO455MxfIleHBbe7o3ip8Doyx7kZxMgp3hGRdMyV4WCiqhZOA1GOyvuZ2zKQWXZM9DqIMvfwbs9ed1IxjFOjPGkKCenH8WmI+v3kYQWYKBNqcl39Ft5FwF giannioddone@ubuntu"
          },
          "sensitive_attributes": []
        }
      ]
    },
    {
      "mode": "managed",
      "type": "digitalocean_droplet",
      "name": "jenkins",
      "provider": "provider[\"registry.terraform.io/digitalocean/digitalocean\"]",
      "instances": [
        {
          "schema_version": 1,
          "attributes": {
            "backups": false,
            "created_at": "2023-01-28T13:44:03Z",
            "disk": 60,
            "droplet_agent": null,
            "graceful_shutdown": false,
            "id": "337979144",
            "image": "ubuntu-22-04-x64",
            "ipv4_address": "165.22.8.54",
            "ipv4_address_private": "10.116.0.2",
            "ipv6": false,
            "ipv6_address": "",
            "locked": false,
            "memory": 2048,
            "monitoring": false,
            "name": "jenkins",
            "price_hourly": 0.02679,
            "price_monthly": 18,
            "private_networking": true,
            "region": "nyc1",
            "resize_disk": true,
            "size": "s-2vcpu-2gb",
            "ssh_keys": [
              "37353592"
            ],
            "status": "active",
            "tags": [],
            "timeouts": null,
            "urn": "do:droplet:337979144",
            "user_data": null,
            "vcpus": 2,
            "volume_ids": [],
            "vpc_uuid": "6e324d7e-d131-48eb-8d69-e98ecd8c7fce"
          },
          "sensitive_attributes": [],
          "private": "eyJlMmJmYjczMC1lY2FhLTExZTYtOGY4OC0zNDM2M2JjN2M0YzAiOnsiY3JlYXRlIjozNjAwMDAwMDAwMDAwLCJkZWxldGUiOjYwMDAwMDAwMDAwLCJ1cGRhdGUiOjM2MDAwMDAwMDAwMDB9LCJzY2hlbWFfdmVyc2lvbiI6IjEifQ==",
          "dependencies": [
            "data.digitalocean_ssh_key.jornada"
          ]
        }
      ]
    },
    {
      "mode": "managed",
      "type": "local_file",
      "name": "foo",
      "provider": "provider[\"registry.terraform.io/hashicorp/local\"]",
      "instances": []
    }
  ],
  "check_results": null
}
